
Microsoft Visual Studio Solution File, Format Version 12.00
# Visual Studio Version 17
VisualStudioVersion = 17.0.32112.339
MinimumVisualStudioVersion = 10.0.40219.1
Project("{FAE04EC0-301F-11D3-BF4B-00C04F79EFBC}") = "Area-of-a-triangle", "Area-of-a-triangle\Area-of-a-triangle.csproj", "{0E62D0C7-A5EB-4D42-8242-8B6A2790E96C}"
EndProject
Global
	GlobalSection(SolutionConfigurationPlatforms) = preSolution
		Debug|Any CPU = Debug|Any CPU
		Release|Any CPU = Release|Any CPU
	EndGlobalSection
	GlobalSection(ProjectConfigurationPlatforms) = postSolution
		{0E62D0C7-A5EB-4D42-8242-8B6A2790E96C}.Debug|Any CPU.ActiveCfg = Debug|Any CPU
		{0E62D0C7-A5EB-4D42-8242-8B6A2790E96C}.Debug|Any CPU.Build.0 = Debug|Any CPU
		{0E62D0C7-A5EB-4D42-8242-8B6A2790E96C}.Release|Any CPU.ActiveCfg = Release|Any CPU
		{0E62D0C7-A5EB-4D42-8242-8B6A2790E96C}.Release|Any CPU.Build.0 = Release|Any CPU
	EndGlobalSection
	GlobalSection(SolutionProperties) = preSolution
		HideSolutionNode = FALSE
	EndGlobalSection
	GlobalSection(ExtensibilityGlobals) = postSolution
		SolutionGuid = {292D0424-5893-4DDA-9687-44E0AC3483F2}
	EndGlobalSection
EndGlobal
